
Microsoft Visual Studio Solution File, Format Version 12.00
# Visual Studio Version 17
VisualStudioVersion = 17.5.33502.453
MinimumVisualStudioVersion = 10.0.40219.1
Project("{FAE04EC0-301F-11D3-BF4B-00C04F79EFBC}") = "Chess", "Chess\Chess.csproj", "{7EBEAC7F-69DF-40F0-8021-F326054FA22C}"
EndProject
Global
	GlobalSection(SolutionConfigurationPlatforms) = preSolution
		Debug|Any CPU = Debug|Any CPU
		Release|Any CPU = Release|Any CPU
	EndGlobalSection
	GlobalSection(ProjectConfigurationPlatforms) = postSolution
		{7EBEAC7F-69DF-40F0-8021-F326054FA22C}.Debug|Any CPU.ActiveCfg = Debug|Any CPU
		{7EBEAC7F-69DF-40F0-8021-F326054FA22C}.Debug|Any CPU.Build.0 = Debug|Any CPU
		{7EBEAC7F-69DF-40F0-8021-F326054FA22C}.Release|Any CPU.ActiveCfg = Release|Any CPU
		{7EBEAC7F-69DF-40F0-8021-F326054FA22C}.Release|Any CPU.Build.0 = Release|Any CPU
	EndGlobalSection
	GlobalSection(SolutionProperties) = preSolution
		HideSolutionNode = FALSE
	EndGlobalSection
	GlobalSection(ExtensibilityGlobals) = postSolution
		SolutionGuid = {A0A6BA63-51AA-442B-AD09-2C2A33E23EEB}
	EndGlobalSection
EndGlobal
